
Microsoft Visual Studio Solution File, Format Version 12.00
# Visual Studio Version 16
VisualStudioVersion = 16.0.810.14
MinimumVisualStudioVersion = 10.0.40219.1
Project("{FAE04EC0-301F-11D3-BF4B-00C04F79EFBC}") = "Homework1", "Homework1\Homework1.csproj", "{2C2F8C25-296B-474E-9ED3-B73F572ACCAD}"
EndProject
Project("{FAE04EC0-301F-11D3-BF4B-00C04F79EFBC}") = "Homework2", "Homework2\Homework2.csproj", "{2DE90E13-DAD8-4E2D-8536-E26F0CA34391}"
EndProject
Project("{FAE04EC0-301F-11D3-BF4B-00C04F79EFBC}") = "Homework3", "Homework3\Homework3.csproj", "{BC8447FC-FE5F-4087-89D9-F174E33A7A60}"
EndProject
Project("{FAE04EC0-301F-11D3-BF4B-00C04F79EFBC}") = "Homework4", "Homework4\Homework4.csproj", "{B8FDC64D-1A03-40AD-97B9-613BB9673AC8}"
EndProject
Project("{FAE04EC0-301F-11D3-BF4B-00C04F79EFBC}") = "Homework5", "Homework5\Homework5.csproj", "{CA0ED42B-1D3A-42F6-B506-FD53F5734704}"
EndProject
Global
	GlobalSection(SolutionConfigurationPlatforms) = preSolution
		Debug|Any CPU = Debug|Any CPU
		Release|Any CPU = Release|Any CPU
	EndGlobalSection
	GlobalSection(ProjectConfigurationPlatforms) = postSolution
		{2C2F8C25-296B-474E-9ED3-B73F572ACCAD}.Debug|Any CPU.ActiveCfg = Debug|Any CPU
		{2C2F8C25-296B-474E-9ED3-B73F572ACCAD}.Debug|Any CPU.Build.0 = Debug|Any CPU
		{2C2F8C25-296B-474E-9ED3-B73F572ACCAD}.Release|Any CPU.ActiveCfg = Release|Any CPU
		{2C2F8C25-296B-474E-9ED3-B73F572ACCAD}.Release|Any CPU.Build.0 = Release|Any CPU
		{2DE90E13-DAD8-4E2D-8536-E26F0CA34391}.Debug|Any CPU.ActiveCfg = Debug|Any CPU
		{2DE90E13-DAD8-4E2D-8536-E26F0CA34391}.Debug|Any CPU.Build.0 = Debug|Any CPU
		{2DE90E13-DAD8-4E2D-8536-E26F0CA34391}.Release|Any CPU.ActiveCfg = Release|Any CPU
		{2DE90E13-DAD8-4E2D-8536-E26F0CA34391}.Release|Any CPU.Build.0 = Release|Any CPU
		{BC8447FC-FE5F-4087-89D9-F174E33A7A60}.Debug|Any CPU.ActiveCfg = Debug|Any CPU
		{BC8447FC-FE5F-4087-89D9-F174E33A7A60}.Debug|Any CPU.Build.0 = Debug|Any CPU
		{BC8447FC-FE5F-4087-89D9-F174E33A7A60}.Release|Any CPU.ActiveCfg = Release|Any CPU
		{BC8447FC-FE5F-4087-89D9-F174E33A7A60}.Release|Any CPU.Build.0 = Release|Any CPU
		{B8FDC64D-1A03-40AD-97B9-613BB9673AC8}.Debug|Any CPU.ActiveCfg = Debug|Any CPU
		{B8FDC64D-1A03-40AD-97B9-613BB9673AC8}.Debug|Any CPU.Build.0 = Debug|Any CPU
		{B8FDC64D-1A03-40AD-97B9-613BB9673AC8}.Release|Any CPU.ActiveCfg = Release|Any CPU
		{B8FDC64D-1A03-40AD-97B9-613BB9673AC8}.Release|Any CPU.Build.0 = Release|Any CPU
		{CA0ED42B-1D3A-42F6-B506-FD53F5734704}.Debug|Any CPU.ActiveCfg = Debug|Any CPU
		{CA0ED42B-1D3A-42F6-B506-FD53F5734704}.Debug|Any CPU.Build.0 = Debug|Any CPU
		{CA0ED42B-1D3A-42F6-B506-FD53F5734704}.Release|Any CPU.ActiveCfg = Release|Any CPU
		{CA0ED42B-1D3A-42F6-B506-FD53F5734704}.Release|Any CPU.Build.0 = Release|Any CPU
	EndGlobalSection
	GlobalSection(SolutionProperties) = preSolution
		HideSolutionNode = FALSE
	EndGlobalSection
	GlobalSection(ExtensibilityGlobals) = postSolution
		SolutionGuid = {B4DF9AED-7511-4A3E-AFD6-6D38A37CC2F4}
	EndGlobalSection
EndGlobal
